{
  "name": "day14",
  "lockfileVersion": 3,
  "requires": true,
  "packages": {
    "": {
      "dependencies": {
        "keypress-promises": "^0.3.0"
      }
    },
    "node_modules/keypress-promises": {
      "version": "0.3.0",
      "resolved": "https://registry.npmjs.org/keypress-promises/-/keypress-promises-0.3.0.tgz",
      "integrity": "sha512-Xb8C/5FM3wpiMcZCDShcgh4rCiNW6IFGBqJAL2D5R9GH5drdxjmVrGWicdUsyncL/ExaQesusVqsjK+QL6iAIQ==",
      "engines": {
        "node": ">=20"
      }
    }
  }
}
